{"1.1.0",
[{<<"edate">>,
  {git,"git@github.com:dweldon/edate.git",
       {ref,"640718ee7fde7d5bac0c5d228d0a4acd8712f719"}},
  1},
 {<<"goldrush">>,{pkg,<<"goldrush">>,<<"0.1.9">>},4},
 {<<"lager">>,{pkg,<<"lager">>,<<"3.8.0">>},3},
 {<<"wms_cfg">>,
  {git,"git@github.com:m-attila/wms_cfg.git",
       {ref,"69c1d2a0893c1b754032a4a516062ef64288b8d3"}},
  1},
 {<<"wms_common">>,
  {git,"git@github.com:m-attila/wms_common.git",
       {ref,"a9970dbcb0fa60f7401a560a26a6099f051e30a8"}},
  1},
 {<<"wms_dist">>,
  {git,"git@github.com:m-attila/wms_dist.git",
       {ref,"bf9d54f230056ca4d562de37a78febeb3f100ed2"}},
  0},
 {<<"wms_logger">>,
  {git,"git@github.com:m-attila/wms_logger.git",
       {ref,"141968916b92da5e241c2dc548ee15a8ac91b665"}},
  2},
 {<<"wms_state">>,
  {git,"git@github.com:m-attila/wms_state.git",
       {ref,"0957a5be47097dbe7d6a99abbbe238fa4db83102"}},
  0}]}.
[
{pkg_hash,[
 {<<"goldrush">>, <<"F06E5D5F1277DA5C413E84D5A2924174182FB108DABB39D5EC548B27424CD106">>},
 {<<"lager">>, <<"3402B9A7E473680CA179FC2F1D827CAB88DD37DD1E6113090C6F45EF05228A1C">>}]}
].
