{"1.1.0",
[{<<"edate">>,
  {git,"git@github.com:dweldon/edate.git",
       {ref,"640718ee7fde7d5bac0c5d228d0a4acd8712f719"}},
  1},
 {<<"goldrush">>,{pkg,<<"goldrush">>,<<"0.1.9">>},4},
 {<<"lager">>,{pkg,<<"lager">>,<<"3.8.0">>},3},
 {<<"wms_cfg">>,
  {git,"git@github.com:m-attila/wms_cfg.git",
       {ref,"bc80219091bdaf442989553e2118c524eaa77616"}},
  1},
 {<<"wms_common">>,
  {git,"git@github.com:m-attila/wms_common.git",
       {ref,"95bcbc44eb4b760b5872c2f4a3ed6e3203a48163"}},
  1},
 {<<"wms_dist">>,
  {git,"git@github.com:m-attila/wms_dist.git",
       {ref,"d26861b305879837301f92fe7126e80f04ee9fdc"}},
  0},
 {<<"wms_logger">>,
  {git,"git@github.com:m-attila/wms_logger.git",
       {ref,"9733c423ebe432f2577cf7e08c27afdd090dd3b9"}},
  2},
 {<<"wms_state">>,
  {git,"git@github.com:m-attila/wms_state.git",
       {ref,"ba2acaf153004602413ddd2722b0d39e31a70c4d"}},
  0}]}.
[
{pkg_hash,[
 {<<"goldrush">>, <<"F06E5D5F1277DA5C413E84D5A2924174182FB108DABB39D5EC548B27424CD106">>},
 {<<"lager">>, <<"3402B9A7E473680CA179FC2F1D827CAB88DD37DD1E6113090C6F45EF05228A1C">>}]}
].
