{"1.1.0",
[{<<"edate">>,
  {git,"git@github.com:dweldon/edate.git",
       {ref,"640718ee7fde7d5bac0c5d228d0a4acd8712f719"}},
  1},
 {<<"goldrush">>,{pkg,<<"goldrush">>,<<"0.1.9">>},4},
 {<<"lager">>,{pkg,<<"lager">>,<<"3.8.0">>},3},
 {<<"wms_cfg">>,
  {git,"git@github.com:m-attila/wms_cfg.git",
       {ref,"880f02665606e719c91853768fc6577a46e12c48"}},
  1},
 {<<"wms_common">>,
  {git,"git@github.com:m-attila/wms_common.git",
       {ref,"95bcbc44eb4b760b5872c2f4a3ed6e3203a48163"}},
  1},
 {<<"wms_dist">>,
  {git,"git@github.com:m-attila/wms_dist.git",
       {ref,"3e7ca1f325922cfb0e2797c1b60bc056dd5d10b3"}},
  0},
 {<<"wms_logger">>,
  {git,"git@github.com:m-attila/wms_logger.git",
       {ref,"1a1c22cf8fb7874e6f7bb0ba52b5bb86690c7267"}},
  2},
 {<<"wms_state">>,
  {git,"git@github.com:m-attila/wms_state.git",
       {ref,"0957a5be47097dbe7d6a99abbbe238fa4db83102"}},
  0}]}.
[
{pkg_hash,[
 {<<"goldrush">>, <<"F06E5D5F1277DA5C413E84D5A2924174182FB108DABB39D5EC548B27424CD106">>},
 {<<"lager">>, <<"3402B9A7E473680CA179FC2F1D827CAB88DD37DD1E6113090C6F45EF05228A1C">>}]}
].
